[[package]]
name = "attrs"
version = "23.1.0"
description = "Classes Without Boilerplate"
category = "main"
optional = false
python-versions = ">=3.7"

[package.extras]
cov = ["attrs", "coverage[toml] (>=5.3)"]
dev = ["attrs", "pre-commit"]
docs = ["furo", "myst-parser", "sphinx", "sphinx-notfound-page", "sphinxcontrib-towncrier", "towncrier", "zope-interface"]
tests = ["attrs", "zope-interface"]
tests-no-zope = ["cloudpickle", "hypothesis", "mypy (>=1.1.1)", "pympler", "pytest-mypy-plugins", "pytest-xdist", "pytest (>=4.3.0)"]

[[package]]
name = "autobahn"
version = "19.11.2"
description = "WebSocket client & server library, WAMP real-time framework"
category = "main"
optional = false
python-versions = "*"

[package.dependencies]
cryptography = ">=2.7"
six = ">=1.11.0"
Twisted = {version = ">=12.1.0", optional = true, markers = "extra == \"twisted\""}
txaio = ">=18.8.1"
"zope.interface" = {version = ">=3.6.0", optional = true, markers = "extra == \"twisted\""}

[package.extras]
accelerate = ["wsaccel (>=0.6.2)"]
all = ["zope.interface (>=3.6.0)", "Twisted (>=12.1.0)", "wsaccel (>=0.6.2)", "python-snappy (>=0.5)", "lz4 (>=0.7.0)", "msgpack (>=0.6.1)", "ujson (>=1.35)", "cbor2 (>=4.1.2)", "cbor (>=1.0.0)", "py-ubjson (>=0.8.4)", "flatbuffers (>=1.10)", "pyopenssl (>=16.2.0)", "service-identity (>=16.0.0)", "pynacl (>=1.0.1)", "pytrie (>=0.2)", "pyqrcode (>=1.1)", "cffi (>=1.11.5)", "argon2-cffi (>=18.1.0)", "passlib (>=1.7.1)", "cbor2 (>=4.1.1)", "zlmdb (>=19.7.1)", "twisted (>=18.9.0)", "autobahn (>=18.11.2)", "web3 (>=4.8.1)", "py-eth-sig-utils (>=0.4.0)", "py-ecc (>=1.7.1)", "eth-abi (>=1.3.0)", "mnemonic (>=0.13)", "base58 (>=0.2.2)", "ecdsa (>=0.13)"]
compress = ["python-snappy (>=0.5)", "lz4 (>=0.7.0)"]
dev = ["pep8-naming (>=0.3.3)", "flake8 (>=2.5.1)", "pyflakes (>=1.0.0)", "mock (>=1.3.0)", "pytest (>=2.8.6,<3.3.0)", "twine (>=1.6.5)", "sphinx (>=1.2.3)", "pyenchant (>=1.6.6)", "sphinxcontrib-spelling (>=2.1.2)", "sphinx-rtd-theme (>=0.1.9)", "awscli", "qualname", "passlib", "wheel", "pytest-asyncio (<0.6)", "pytest-aiohttp"]
encryption = ["pyopenssl (>=16.2.0)", "service-identity (>=16.0.0)", "pynacl (>=1.0.1)", "pytrie (>=0.2)", "pyqrcode (>=1.1)"]
nvx = ["cffi (>=1.11.5)"]
scram = ["cffi (>=1.11.5)", "argon2-cffi (>=18.1.0)", "passlib (>=1.7.1)"]
serialization = ["msgpack (>=0.6.1)", "ujson (>=1.35)", "cbor2 (>=4.1.2)", "cbor (>=1.0.0)", "py-ubjson (>=0.8.4)", "flatbuffers (>=1.10)"]
twisted = ["zope.interface (>=3.6.0)", "Twisted (>=12.1.0)"]
xbr = ["cbor2 (>=4.1.1)", "zlmdb (>=19.7.1)", "twisted (>=18.9.0)", "autobahn (>=18.11.2)", "web3 (>=4.8.1)", "py-eth-sig-utils (>=0.4.0)", "py-ecc (>=1.7.1)", "eth-abi (>=1.3.0)", "mnemonic (>=0.13)", "base58 (>=0.2.2)", "ecdsa (>=0.13)"]

[[package]]
name = "automat"
version = "22.10.0"
description = "Self-service finite-state machines for the programmer on the go."
category = "main"
optional = false
python-versions = "*"

[package.dependencies]
attrs = ">=19.2.0"
six = "*"

[package.extras]
visualize = ["graphviz (>0.5.1)", "Twisted (>=16.1.1)"]

[[package]]
name = "certifi"
version = "2022.12.7"
description = "Python package for providing Mozilla's CA Bundle."
category = "main"
optional = false
python-versions = ">=3.6"

[[package]]
name = "cffi"
version = "1.15.1"
description = "Foreign Function Interface for Python calling C code."
category = "main"
optional = false
python-versions = "*"

[package.dependencies]
pycparser = "*"

[[package]]
name = "charset-normalizer"
version = "3.1.0"
description = "The Real First Universal Charset Detector. Open, modern and actively maintained alternative to Chardet."
category = "main"
optional = false
python-versions = ">=3.7.0"

[[package]]
name = "constantly"
version = "15.1.0"
description = "Symbolic constants in Python"
category = "main"
optional = false
python-versions = "*"

[[package]]
name = "cryptography"
version = "40.0.2"
description = "cryptography is a package which provides cryptographic recipes and primitives to Python developers."
category = "main"
optional = false
python-versions = ">=3.6"

[package.dependencies]
cffi = ">=1.12"

[package.extras]
docs = ["sphinx (>=5.3.0)", "sphinx-rtd-theme (>=1.1.1)"]
docstest = ["pyenchant (>=1.6.11)", "twine (>=1.12.0)", "sphinxcontrib-spelling (>=4.0.1)"]
pep8test = ["black", "ruff", "mypy", "check-manifest"]
sdist = ["setuptools-rust (>=0.11.4)"]
ssh = ["bcrypt (>=3.1.5)"]
test = ["pytest (>=6.2.0)", "pytest-shard (>=0.1.2)", "pytest-benchmark", "pytest-cov", "pytest-subtests", "pytest-xdist", "pretend", "iso8601"]
test-randomorder = ["pytest-randomly"]
tox = ["tox"]

[[package]]
name = "hyperlink"
version = "21.0.0"
description = "A featureful, immutable, and correct URL for Python."
category = "main"
optional = false
python-versions = ">=2.6, !=3.0.*, !=3.1.*, !=3.2.*, !=3.3.*"

[package.dependencies]
idna = ">=2.5"

[[package]]
name = "idna"
version = "3.4"
description = "Internationalized Domain Names in Applications (IDNA)"
category = "main"
optional = false
python-versions = ">=3.5"

[[package]]
name = "incremental"
version = "22.10.0"
description = "\"A small library that versions your Python projects.\""
category = "main"
optional = false
python-versions = "*"

[package.extras]
mypy = ["click (>=6.0)", "twisted (>=16.4.0)", "mypy (==0.812)"]
scripts = ["click (>=6.0)", "twisted (>=16.4.0)"]

[[package]]
name = "kiteconnect"
version = "4.2.0"
description = "The official Python client for the Kite Connect trading API"
category = "main"
optional = false
python-versions = "*"

[package.dependencies]
autobahn = {version = "19.11.2", extras = ["twisted"]}
pyOpenSSL = ">=17.5.0"
python-dateutil = ">=2.6.1"
pywin32 = {version = "*", markers = "sys_platform == \"win32\""}
requests = ">=2.18.4"
service-identity = ">=18.1.0"
six = ">=1.11.0"

[package.extras]
doc = ["pdoc"]

[[package]]
name = "pyasn1"
version = "0.5.0"
description = "Pure-Python implementation of ASN.1 types and DER/BER/CER codecs (X.208)"
category = "main"
optional = false
python-versions = "!=3.0.*,!=3.1.*,!=3.2.*,!=3.3.*,!=3.4.*,!=3.5.*,>=2.7"

[[package]]
name = "pyasn1-modules"
version = "0.3.0"
description = "A collection of ASN.1-based protocols modules"
category = "main"
optional = false
python-versions = "!=3.0.*,!=3.1.*,!=3.2.*,!=3.3.*,!=3.4.*,!=3.5.*,>=2.7"

[package.dependencies]
pyasn1 = ">=0.4.6,<0.6.0"

[[package]]
name = "pycparser"
version = "2.21"
description = "C parser in Python"
category = "main"
optional = false
python-versions = ">=2.7, !=3.0.*, !=3.1.*, !=3.2.*, !=3.3.*"

[[package]]
name = "pyopenssl"
version = "23.1.1"
description = "Python wrapper module around the OpenSSL library"
category = "main"
optional = false
python-versions = ">=3.6"

[package.dependencies]
cryptography = ">=38.0.0,<41"

[package.extras]
docs = ["sphinx (!=5.2.0,!=5.2.0.post0)", "sphinx-rtd-theme"]
test = ["flaky", "pretend", "pytest (>=3.0.1)"]

[[package]]
name = "python-dateutil"
version = "2.8.2"
description = "Extensions to the standard Python datetime module"
category = "main"
optional = false
python-versions = "!=3.0.*,!=3.1.*,!=3.2.*,>=2.7"

[package.dependencies]
six = ">=1.5"

[[package]]
name = "pywin32"
version = "306"
description = "Python for Window Extensions"
category = "main"
optional = false
python-versions = "*"

[[package]]
name = "requests"
version = "2.30.0"
description = "Python HTTP for Humans."
category = "main"
optional = false
python-versions = ">=3.7"

[package.dependencies]
certifi = ">=2017.4.17"
charset-normalizer = ">=2,<4"
idna = ">=2.5,<4"
urllib3 = ">=1.21.1,<3"

[package.extras]
socks = ["PySocks (>=1.5.6,!=1.5.7)"]
use_chardet_on_py3 = ["chardet (>=3.0.2,<6)"]

[[package]]
name = "service-identity"
version = "21.1.0"
description = "Service identity verification for pyOpenSSL & cryptography."
category = "main"
optional = false
python-versions = "*"

[package.dependencies]
attrs = ">=19.1.0"
cryptography = "*"
pyasn1 = "*"
pyasn1-modules = "*"
six = "*"

[package.extras]
dev = ["coverage[toml] (>=5.0.2)", "pytest", "sphinx", "furo", "idna", "pyopenssl"]
docs = ["sphinx", "furo"]
idna = ["idna"]
tests = ["coverage[toml] (>=5.0.2)", "pytest"]

[[package]]
name = "six"
version = "1.16.0"
description = "Python 2 and 3 compatibility utilities"
category = "main"
optional = false
python-versions = ">=2.7, !=3.0.*, !=3.1.*, !=3.2.*"

[[package]]
name = "twisted"
version = "22.10.0"
description = "An asynchronous networking framework written in Python"
category = "main"
optional = false
python-versions = ">=3.7.1"

[package.dependencies]
attrs = ">=19.2.0"
Automat = ">=0.8.0"
constantly = ">=15.1"
hyperlink = ">=17.1.1"
incremental = ">=21.3.0"
twisted-iocpsupport = {version = ">=1.0.2,<2", markers = "platform_system == \"Windows\""}
typing-extensions = ">=3.6.5"
"zope.interface" = ">=4.4.2"

[package.extras]
all_non_platform = ["cython-test-exception-raiser (>=1.0.2,<2)", "PyHamcrest (>=1.9.0)", "hypothesis (>=6.0,<7.0)", "pyopenssl (>=21.0.0)", "service-identity (>=18.1.0)", "idna (>=2.4)", "pyasn1", "cryptography (>=2.6)", "appdirs (>=1.4.0)", "bcrypt (>=3.0.0)", "pyserial (>=3.0)", "h2 (>=3.0,<5.0)", "priority (>=1.1.0,<2.0)", "pywin32 (!=226)", "contextvars (>=2.4,<3)"]
conch = ["pyasn1", "cryptography (>=2.6)", "appdirs (>=1.4.0)", "bcrypt (>=3.0.0)"]
conch_nacl = ["pyasn1", "cryptography (>=2.6)", "appdirs (>=1.4.0)", "bcrypt (>=3.0.0)", "pynacl"]
contextvars = ["contextvars (>=2.4,<3)"]
dev = ["towncrier (>=22.8,<23.0)", "pydoctor (>=22.9.0,<22.10.0)", "sphinx-rtd-theme (>=1.0,<2.0)", "readthedocs-sphinx-ext (>=2.1,<3.0)", "sphinx (>=5.0,<6)", "pyflakes (>=2.2,<3.0)", "twistedchecker (>=0.7,<1.0)", "coverage (>=6b1,<7)", "python-subunit (>=1.4,<2.0)"]
dev_release = ["towncrier (>=22.8,<23.0)", "pydoctor (>=22.9.0,<22.10.0)", "sphinx-rtd-theme (>=1.0,<2.0)", "readthedocs-sphinx-ext (>=2.1,<3.0)", "sphinx (>=5.0,<6)"]
gtk_platform = ["pygobject", "cython-test-exception-raiser (>=1.0.2,<2)", "PyHamcrest (>=1.9.0)", "hypothesis (>=6.0,<7.0)", "pyopenssl (>=21.0.0)", "service-identity (>=18.1.0)", "idna (>=2.4)", "pyasn1", "cryptography (>=2.6)", "appdirs (>=1.4.0)", "bcrypt (>=3.0.0)", "pyserial (>=3.0)", "h2 (>=3.0,<5.0)", "priority (>=1.1.0,<2.0)", "pywin32 (!=226)", "contextvars (>=2.4,<3)"]
http2 = ["h2 (>=3.0,<5.0)", "priority (>=1.1.0,<2.0)"]
macos_platform = ["pyobjc-core", "pyobjc-framework-cfnetwork", "pyobjc-framework-cocoa", "cython-test-exception-raiser (>=1.0.2,<2)", "PyHamcrest (>=1.9.0)", "hypothesis (>=6.0,<7.0)", "pyopenssl (>=21.0.0)", "service-identity (>=18.1.0)", "idna (>=2.4)", "pyasn1", "cryptography (>=2.6)", "appdirs (>=1.4.0)", "bcrypt (>=3.0.0)", "pyserial (>=3.0)", "h2 (>=3.0,<5.0)", "priority (>=1.1.0,<2.0)", "pywin32 (!=226)", "contextvars (>=2.4,<3)"]
mypy = ["mypy (==0.930)", "mypy-zope (==0.3.4)", "types-setuptools", "types-pyopenssl", "towncrier (>=22.8,<23.0)", "pydoctor (>=22.9.0,<22.10.0)", "sphinx-rtd-theme (>=1.0,<2.0)", "readthedocs-sphinx-ext (>=2.1,<3.0)", "sphinx (>=5.0,<6)", "pyflakes (>=2.2,<3.0)", "twistedchecker (>=0.7,<1.0)", "coverage (>=6b1,<7)", "cython-test-exception-raiser (>=1.0.2,<2)", "PyHamcrest (>=1.9.0)", "hypothesis (>=6.0,<7.0)", "pyopenssl (>=21.0.0)", "service-identity (>=18.1.0)", "idna (>=2.4)", "pyasn1", "cryptography (>=2.6)", "appdirs (>=1.4.0)", "bcrypt (>=3.0.0)", "pyserial (>=3.0)", "h2 (>=3.0,<5.0)", "priority (>=1.1.0,<2.0)", "pynacl", "pywin32 (!=226)", "python-subunit (>=1.4,<2.0)", "contextvars (>=2.4,<3)"]
osx_platform = ["pyobjc-core", "pyobjc-framework-cfnetwork", "pyobjc-framework-cocoa", "cython-test-exception-raiser (>=1.0.2,<2)", "PyHamcrest (>=1.9.0)", "hypothesis (>=6.0,<7.0)", "pyopenssl (>=21.0.0)", "service-identity (>=18.1.0)", "idna (>=2.4)", "pyasn1", "cryptography (>=2.6)", "appdirs (>=1.4.0)", "bcrypt (>=3.0.0)", "pyserial (>=3.0)", "h2 (>=3.0,<5.0)", "priority (>=1.1.0,<2.0)", "pywin32 (!=226)", "contextvars (>=2.4,<3)"]
serial = ["pyserial (>=3.0)", "pywin32 (!=226)"]
test = ["cython-test-exception-raiser (>=1.0.2,<2)", "PyHamcrest (>=1.9.0)", "hypothesis (>=6.0,<7.0)"]
tls = ["pyopenssl (>=21.0.0)", "service-identity (>=18.1.0)", "idna (>=2.4)"]
windows_platform = ["pywin32 (!=226)", "cython-test-exception-raiser (>=1.0.2,<2)", "PyHamcrest (>=1.9.0)", "hypothesis (>=6.0,<7.0)", "pyopenssl (>=21.0.0)", "service-identity (>=18.1.0)", "idna (>=2.4)", "pyasn1", "cryptography (>=2.6)", "appdirs (>=1.4.0)", "bcrypt (>=3.0.0)", "pyserial (>=3.0)", "h2 (>=3.0,<5.0)", "priority (>=1.1.0,<2.0)", "pywin32 (!=226)", "contextvars (>=2.4,<3)"]

[[package]]
name = "twisted-iocpsupport"
version = "1.0.3"
description = "An extension for use in the twisted I/O Completion Ports reactor."
category = "main"
optional = false
python-versions = "*"

[[package]]
name = "txaio"
version = "23.1.1"
description = "Compatibility API between asyncio/Twisted/Trollius"
category = "main"
optional = false
python-versions = ">=3.7"

[package.extras]
all = ["zope.interface (>=5.2.0)", "twisted (>=20.3.0)"]
dev = ["wheel", "pytest (>=2.6.4)", "pytest-cov (>=1.8.1)", "pep8 (>=1.6.2)", "sphinx (>=1.2.3)", "pyenchant (>=1.6.6)", "sphinxcontrib-spelling (>=2.1.2)", "sphinx-rtd-theme (>=0.1.9)", "tox (>=2.1.1)", "twine (>=1.6.5)", "tox-gh-actions (>=2.2.0)"]
twisted = ["zope.interface (>=5.2.0)", "twisted (>=20.3.0)"]

[[package]]
name = "typing-extensions"
version = "4.5.0"
description = "Backported and Experimental Type Hints for Python 3.7+"
category = "main"
optional = false
python-versions = ">=3.7"

[[package]]
name = "urllib3"
version = "2.0.2"
description = "HTTP library with thread-safe connection pooling, file post, and more."
category = "main"
optional = false
python-versions = ">=3.7"

[package.extras]
brotli = ["brotli (>=1.0.9)", "brotlicffi (>=0.8.0)"]
secure = ["certifi", "cryptography (>=1.9)", "idna (>=2.0.0)", "pyopenssl (>=17.1.0)", "urllib3-secure-extra"]
socks = ["pysocks (>=1.5.6,!=1.5.7,<2.0)"]
zstd = ["zstandard (>=0.18.0)"]

[[package]]
name = "zope.interface"
version = "6.0"
description = "Interfaces for Python"
category = "main"
optional = false
python-versions = ">=3.7"

[package.extras]
docs = ["sphinx", "repoze.sphinx.autointerface"]
test = ["coverage (>=5.0.3)", "zope.event", "zope.testing"]
testing = ["coverage (>=5.0.3)", "zope.event", "zope.testing"]

[metadata]
lock-version = "1.1"
python-versions = "^3.10"
content-hash = "c58603b9d724a250559752c24e9580df6e4c9e2d6f6aa07a3436519e9790ff5e"

[metadata.files]
attrs = []
autobahn = []
automat = []
certifi = []
cffi = []
charset-normalizer = []
constantly = []
cryptography = []
hyperlink = []
idna = []
incremental = []
kiteconnect = []
pyasn1 = []
pyasn1-modules = []
pycparser = []
pyopenssl = []
python-dateutil = []
pywin32 = []
requests = []
service-identity = []
six = []
twisted = []
twisted-iocpsupport = []
txaio = []
typing-extensions = []
urllib3 = []
"zope.interface" = []
